
Microsoft Visual Studio Solution File, Format Version 12.00
# Visual Studio 15
VisualStudioVersion = 15.0.28010.2003
MinimumVisualStudioVersion = 10.0.40219.1
Project("{FAE04EC0-301F-11D3-BF4B-00C04F79EFBC}") = "Controles15 05", "Controles15 05\Controles15 05.csproj", "{1670D177-C286-489F-8DDF-A04500270BFD}"
EndProject
Global
	GlobalSection(SolutionConfigurationPlatforms) = preSolution
		Debug|Any CPU = Debug|Any CPU
		Release|Any CPU = Release|Any CPU
	EndGlobalSection
	GlobalSection(ProjectConfigurationPlatforms) = postSolution
		{1670D177-C286-489F-8DDF-A04500270BFD}.Debug|Any CPU.ActiveCfg = Debug|Any CPU
		{1670D177-C286-489F-8DDF-A04500270BFD}.Debug|Any CPU.Build.0 = Debug|Any CPU
		{1670D177-C286-489F-8DDF-A04500270BFD}.Release|Any CPU.ActiveCfg = Release|Any CPU
		{1670D177-C286-489F-8DDF-A04500270BFD}.Release|Any CPU.Build.0 = Release|Any CPU
	EndGlobalSection
	GlobalSection(SolutionProperties) = preSolution
		HideSolutionNode = FALSE
	EndGlobalSection
	GlobalSection(ExtensibilityGlobals) = postSolution
		SolutionGuid = {A745BEAF-0D8F-4BF2-BE9E-9BC37559E5B3}
	EndGlobalSection
EndGlobal
