
Microsoft Visual Studio Solution File, Format Version 12.00
# Visual Studio 15
VisualStudioVersion = 15.0.28010.2003
MinimumVisualStudioVersion = 10.0.40219.1
Project("{FAE04EC0-301F-11D3-BF4B-00C04F79EFBC}") = "Prova2", "Prova2\Prova2.csproj", "{94300386-F344-48D2-8A5B-F14B9CE060DB}"
EndProject
Global
	GlobalSection(SolutionConfigurationPlatforms) = preSolution
		Debug|Any CPU = Debug|Any CPU
		Release|Any CPU = Release|Any CPU
	EndGlobalSection
	GlobalSection(ProjectConfigurationPlatforms) = postSolution
		{94300386-F344-48D2-8A5B-F14B9CE060DB}.Debug|Any CPU.ActiveCfg = Debug|Any CPU
		{94300386-F344-48D2-8A5B-F14B9CE060DB}.Debug|Any CPU.Build.0 = Debug|Any CPU
		{94300386-F344-48D2-8A5B-F14B9CE060DB}.Release|Any CPU.ActiveCfg = Release|Any CPU
		{94300386-F344-48D2-8A5B-F14B9CE060DB}.Release|Any CPU.Build.0 = Release|Any CPU
	EndGlobalSection
	GlobalSection(SolutionProperties) = preSolution
		HideSolutionNode = FALSE
	EndGlobalSection
	GlobalSection(ExtensibilityGlobals) = postSolution
		SolutionGuid = {8E553B6D-1D42-4A23-9C32-4E70197A9C7C}
	EndGlobalSection
EndGlobal
